// !$*UTF8*$!
{
	archiveVersion = 1;
	classes = {
	};
	objectVersion = 50;
	objects = {

/* Begin PBXBuildFile section */
		D68CBF552216BAC700FE59E6 /* AppDelegate.swift in Sources */ = {isa = PBXBuildFile; fileRef = D68CBF542216BAC700FE59E6 /* AppDelegate.swift */; };
		D68CBF572216BAC700FE59E6 /* ViewController.swift in Sources */ = {isa = PBXBuildFile; fileRef = D68CBF562216BAC700FE59E6 /* ViewController.swift */; };
		D68CBF5A2216BAC700FE59E6 /* Main.storyboard in Resources */ = {isa = PBXBuildFile; fileRef = D68CBF582216BAC700FE59E6 /* Main.storyboard */; };
		D68CBF5C2216BAD200FE59E6 /* Assets.xcassets in Resources */ = {isa = PBXBuildFile; fileRef = D68CBF5B2216BAD200FE59E6 /* Assets.xcassets */; };
		D68CBF5F2216BAD200FE59E6 /* LaunchScreen.storyboard in Resources */ = {isa = PBXBuildFile; fileRef = D68CBF5D2216BAD200FE59E6 /* LaunchScreen.storyboard */; };
		D68CBF6A2216BAD200FE59E6 /* Structures_and_ClassesTests.swift in Sources */ = {isa = PBXBuildFile; fileRef = D68CBF692216BAD200FE59E6 /* Structures_and_ClassesTests.swift */; };
		D68CBF752216BAD200FE59E6 /* Structures_and_ClassesUITests.swift in Sources */ = {isa = PBXBuildFile; fileRef = D68CBF742216BAD200FE59E6 /* Structures_and_ClassesUITests.swift */; };
/* End PBXBuildFile section */

/* Begin PBXContainerItemProxy section */
		D68CBF662216BAD200FE59E6 /* PBXContainerItemProxy */ = {
			isa = PBXContainerItemProxy;
			containerPortal = D68CBF492216BAC700FE59E6 /* Project object */;
			proxyType = 1;
			remoteGlobalIDString = D68CBF502216BAC700FE59E6;
			remoteInfo = "Structures and Classes";
		};
		D68CBF712216BAD200FE59E6 /* PBXContainerItemProxy */ = {
			isa = PBXContainerItemProxy;
			containerPortal = D68CBF492216BAC700FE59E6 /* Project object */;
			proxyType = 1;
			remoteGlobalIDString = D68CBF502216BAC700FE59E6;
			remoteInfo = "Structures and Classes";
		};
/* End PBXContainerItemProxy section */

/* Begin PBXFileReference section */
		D68CBF512216BAC700FE59E6 /* Structures and Classes.app */ = {isa = PBXFileReference; explicitFileType = wrapper.application; includeInIndex = 0; path = "Structures and Classes.app"; sourceTree = BUILT_PRODUCTS_DIR; };
		D68CBF542216BAC700FE59E6 /* AppDelegate.swift */ = {isa = PBXFileReference; lastKnownFileType = sourcecode.swift; path = AppDelegate.swift; sourceTree = "<group>"; };
		D68CBF562216BAC700FE59E6 /* ViewController.swift */ = {isa = PBXFileReference; lastKnownFileType = sourcecode.swift; path = ViewController.swift; sourceTree = "<group>"; };
		D68CBF592216BAC700FE59E6 /* Base */ = {isa = PBXFileReference; lastKnownFileType = file.storyboard; name = Base; path = Base.lproj/Main.storyboard; sourceTree = "<group>"; };
		D68CBF5B2216BAD200FE59E6 /* Assets.xcassets */ = {isa = PBXFileReference; lastKnownFileType = folder.assetcatalog; path = Assets.xcassets; sourceTree = "<group>"; };
		D68CBF5E2216BAD200FE59E6 /* Base */ = {isa = PBXFileReference; lastKnownFileType = file.storyboard; name = Base; path = Base.lproj/LaunchScreen.storyboard; sourceTree = "<group>"; };
		D68CBF602216BAD200FE59E6 /* Info.plist */ = {isa = PBXFileReference; lastKnownFileType = text.plist.xml; path = Info.plist; sourceTree = "<group>"; };
		D68CBF652216BAD200FE59E6 /* Structures and ClassesTests.xctest */ = {isa = PBXFileReference; explicitFileType = wrapper.cfbundle; includeInIndex = 0; path = "Structures and ClassesTests.xctest"; sourceTree = BUILT_PRODUCTS_DIR; };
		D68CBF692216BAD200FE59E6 /* Structures_and_ClassesTests.swift */ = {isa = PBXFileReference; lastKnownFileType = sourcecode.swift; path = Structures_and_ClassesTests.swift; sourceTree = "<group>"; };
		D68CBF6B2216BAD200FE59E6 /* Info.plist */ = {isa = PBXFileReference; lastKnownFileType = text.plist.xml; path = Info.plist; sourceTree = "<group>"; };
		D68CBF702216BAD200FE59E6 /* Structures and ClassesUITests.xctest */ = {isa = PBXFileReference; explicitFileType = wrapper.cfbundle; includeInIndex = 0; path = "Structures and ClassesUITests.xctest"; sourceTree = BUILT_PRODUCTS_DIR; };
		D68CBF742216BAD200FE59E6 /* Structures_and_ClassesUITests.swift */ = {isa = PBXFileReference; lastKnownFileType = sourcecode.swift; path = Structures_and_ClassesUITests.swift; sourceTree = "<group>"; };
		D68CBF762216BAD200FE59E6 /* Info.plist */ = {isa = PBXFileReference; lastKnownFileType = text.plist.xml; path = Info.plist; sourceTree = "<group>"; };
/* End PBXFileReference section */

/* Begin PBXFrameworksBuildPhase section */
		D68CBF4E2216BAC700FE59E6 /* Frameworks */ = {
			isa = PBXFrameworksBuildPhase;
			buildActionMask = 2147483647;
			files = (
			);
			runOnlyForDeploymentPostprocessing = 0;
		};
		D68CBF622216BAD200FE59E6 /* Frameworks */ = {
			isa = PBXFrameworksBuildPhase;
			buildActionMask = 2147483647;
			files = (
			);
			runOnlyForDeploymentPostprocessing = 0;
		};
		D68CBF6D2216BAD200FE59E6 /* Frameworks */ = {
			isa = PBXFrameworksBuildPhase;
			buildActionMask = 2147483647;
			files = (
			);
			runOnlyForDeploymentPostprocessing = 0;
		};
/* End PBXFrameworksBuildPhase section */

/* Begin PBXGroup section */
		D68CBF482216BAC700FE59E6 = {
			isa = PBXGroup;
			children = (
				D68CBF532216BAC700FE59E6 /* Structures and Classes */,
				D68CBF682216BAD200FE59E6 /* Structures and ClassesTests */,
				D68CBF732216BAD200FE59E6 /* Structures and ClassesUITests */,
				D68CBF522216BAC700FE59E6 /* Products */,
			);
			sourceTree = "<group>";
		};
		D68CBF522216BAC700FE59E6 /* Products */ = {
			isa = PBXGroup;
			children = (
				D68CBF512216BAC700FE59E6 /* Structures and Classes.app */,
				D68CBF652216BAD200FE59E6 /* Structures and ClassesTests.xctest */,
				D68CBF702216BAD200FE59E6 /* Structures and ClassesUITests.xctest */,
			);
			name = Products;
			sourceTree = "<group>";
		};
		D68CBF532216BAC700FE59E6 /* Structures and Classes */ = {
			isa = PBXGroup;
			children = (
				D68CBF542216BAC700FE59E6 /* AppDelegate.swift */,
				D68CBF562216BAC700FE59E6 /* ViewController.swift */,
				D68CBF582216BAC700FE59E6 /* Main.storyboard */,
				D68CBF5B2216BAD200FE59E6 /* Assets.xcassets */,
				D68CBF5D2216BAD200FE59E6 /* LaunchScreen.storyboard */,
				D68CBF602216BAD200FE59E6 /* Info.plist */,
			);
			path = "Structures and Classes";
			sourceTree = "<group>";
		};
		D68CBF682216BAD200FE59E6 /* Structures and ClassesTests */ = {
			isa = PBXGroup;
			children = (
				D68CBF692216BAD200FE59E6 /* Structures_and_ClassesTests.swift */,
				D68CBF6B2216BAD200FE59E6 /* Info.plist */,
			);
			path = "Structures and ClassesTests";
			sourceTree = "<group>";
		};
		D68CBF732216BAD200FE59E6 /* Structures and ClassesUITests */ = {
			isa = PBXGroup;
			children = (
				D68CBF742216BAD200FE59E6 /* Structures_and_ClassesUITests.swift */,
				D68CBF762216BAD200FE59E6 /* Info.plist */,
			);
			path = "Structures and ClassesUITests";
			sourceTree = "<group>";
		};
/* End PBXGroup section */

/* Begin PBXNativeTarget section */
		D68CBF502216BAC700FE59E6 /* Structures and Classes */ = {
			isa = PBXNativeTarget;
			buildConfigurationList = D68CBF792216BAD200FE59E6 /* Build configuration list for PBXNativeTarget "Structures and Classes" */;
			buildPhases = (
				D68CBF4D2216BAC700FE59E6 /* Sources */,
				D68CBF4E2216BAC700FE59E6 /* Frameworks */,
				D68CBF4F2216BAC700FE59E6 /* Resources */,
			);
			buildRules = (
			);
			dependencies = (
			);
			name = "Structures and Classes";
			productName = "Structures and Classes";
			productReference = D68CBF512216BAC700FE59E6 /* Structures and Classes.app */;
			productType = "com.apple.product-type.application";
		};
		D68CBF642216BAD200FE59E6 /* Structures and ClassesTests */ = {
			isa = PBXNativeTarget;
			buildConfigurationList = D68CBF7C2216BAD200FE59E6 /* Build configuration list for PBXNativeTarget "Structures and ClassesTests" */;
			buildPhases = (
				D68CBF612216BAD200FE59E6 /* Sources */,
				D68CBF622216BAD200FE59E6 /* Frameworks */,
				D68CBF632216BAD200FE59E6 /* Resources */,
			);
			buildRules = (
			);
			dependencies = (
				D68CBF672216BAD200FE59E6 /* PBXTargetDependency */,
			);
			name = "Structures and ClassesTests";
			productName = "Structures and ClassesTests";
			productReference = D68CBF652216BAD200FE59E6 /* Structures and ClassesTests.xctest */;
			productType = "com.apple.product-type.bundle.unit-test";
		};
		D68CBF6F2216BAD200FE59E6 /* Structures and ClassesUITests */ = {
			isa = PBXNativeTarget;
			buildConfigurationList = D68CBF7F2216BAD200FE59E6 /* Build configuration list for PBXNativeTarget "Structures and ClassesUITests" */;
			buildPhases = (
				D68CBF6C2216BAD200FE59E6 /* Sources */,
				D68CBF6D2216BAD200FE59E6 /* Frameworks */,
				D68CBF6E2216BAD200FE59E6 /* Resources */,
			);
			buildRules = (
			);
			dependencies = (
				D68CBF722216BAD200FE59E6 /* PBXTargetDependency */,
			);
			name = "Structures and ClassesUITests";
			productName = "Structures and ClassesUITests";
			productReference = D68CBF702216BAD200FE59E6 /* Structures and ClassesUITests.xctest */;
			productType = "com.apple.product-type.bundle.ui-testing";
		};
/* End PBXNativeTarget section */

/* Begin PBXProject section */
		D68CBF492216BAC700FE59E6 /* Project object */ = {
			isa = PBXProject;
			attributes = {
				LastSwiftUpdateCheck = 1010;
				LastUpgradeCheck = 1010;
				ORGANIZATIONNAME = KiwiTech;
				TargetAttributes = {
					D68CBF502216BAC700FE59E6 = {
						CreatedOnToolsVersion = 10.1;
					};
					D68CBF642216BAD200FE59E6 = {
						CreatedOnToolsVersion = 10.1;
						TestTargetID = D68CBF502216BAC700FE59E6;
					};
					D68CBF6F2216BAD200FE59E6 = {
						CreatedOnToolsVersion = 10.1;
						TestTargetID = D68CBF502216BAC700FE59E6;
					};
				};
			};
			buildConfigurationList = D68CBF4C2216BAC700FE59E6 /* Build configuration list for PBXProject "Structures and Classes" */;
			compatibilityVersion = "Xcode 9.3";
			developmentRegion = en;
			hasScannedForEncodings = 0;
			knownRegions = (
				en,
				Base,
			);
			mainGroup = D68CBF482216BAC700FE59E6;
			productRefGroup = D68CBF522216BAC700FE59E6 /* Products */;
			projectDirPath = "";
			projectRoot = "";
			targets = (
				D68CBF502216BAC700FE59E6 /* Structures and Classes */,
				D68CBF642216BAD200FE59E6 /* Structures and ClassesTests */,
				D68CBF6F2216BAD200FE59E6 /* Structures and ClassesUITests */,
			);
		};
/* End PBXProject section */

/* Begin PBXResourcesBuildPhase section */
		D68CBF4F2216BAC700FE59E6 /* Resources */ = {
			isa = PBXResourcesBuildPhase;
			buildActionMask = 2147483647;
			files = (
				D68CBF5F2216BAD200FE59E6 /* LaunchScreen.storyboard in Resources */,
				D68CBF5C2216BAD200FE59E6 /* Assets.xcassets in Resources */,
				D68CBF5A2216BAC700FE59E6 /* Main.storyboard in Resources */,
			);
			runOnlyForDeploymentPostprocessing = 0;
		};
		D68CBF632216BAD200FE59E6 /* Resources */ = {
			isa = PBXResourcesBuildPhase;
			buildActionMask = 2147483647;
			files = (
			);
			runOnlyForDeploymentPostprocessing = 0;
		};
		D68CBF6E2216BAD200FE59E6 /* Resources */ = {
			isa = PBXResourcesBuildPhase;
			buildActionMask = 2147483647;
			files = (
			);
			runOnlyForDeploymentPostprocessing = 0;
		};
/* End PBXResourcesBuildPhase section */

/* Begin PBXSourcesBuildPhase section */
		D68CBF4D2216BAC700FE59E6 /* Sources */ = {
			isa = PBXSourcesBuildPhase;
			buildActionMask = 2147483647;
			files = (
				D68CBF572216BAC700FE59E6 /* ViewController.swift in Sources */,
				D68CBF552216BAC700FE59E6 /* AppDelegate.swift in Sources */,
			);
			runOnlyForDeploymentPostprocessing = 0;
		};
		D68CBF612216BAD200FE59E6 /* Sources */ = {
			isa = PBXSourcesBuildPhase;
			buildActionMask = 2147483647;
			files = (
				D68CBF6A2216BAD200FE59E6 /* Structures_and_ClassesTests.swift in Sources */,
			);
			runOnlyForDeploymentPostprocessing = 0;
		};
		D68CBF6C2216BAD200FE59E6 /* Sources */ = {
			isa = PBXSourcesBuildPhase;
			buildActionMask = 2147483647;
			files = (
				D68CBF752216BAD200FE59E6 /* Structures_and_ClassesUITests.swift in Sources */,
			);
			runOnlyForDeploymentPostprocessing = 0;
		};
/* End PBXSourcesBuildPhase section */

/* Begin PBXTargetDependency section */
		D68CBF672216BAD200FE59E6 /* PBXTargetDependency */ = {
			isa = PBXTargetDependency;
			target = D68CBF502216BAC700FE59E6 /* Structures and Classes */;
			targetProxy = D68CBF662216BAD200FE59E6 /* PBXContainerItemProxy */;
		};
		D68CBF722216BAD200FE59E6 /* PBXTargetDependency */ = {
			isa = PBXTargetDependency;
			target = D68CBF502216BAC700FE59E6 /* Structures and Classes */;
			targetProxy = D68CBF712216BAD200FE59E6 /* PBXContainerItemProxy */;
		};
/* End PBXTargetDependency section */

/* Begin PBXVariantGroup section */
		D68CBF582216BAC700FE59E6 /* Main.storyboard */ = {
			isa = PBXVariantGroup;
			children = (
				D68CBF592216BAC700FE59E6 /* Base */,
			);
			name = Main.storyboard;
			sourceTree = "<group>";
		};
		D68CBF5D2216BAD200FE59E6 /* LaunchScreen.storyboard */ = {
			isa = PBXVariantGroup;
			children = (
				D68CBF5E2216BAD200FE59E6 /* Base */,
			);
			name = LaunchScreen.storyboard;
			sourceTree = "<group>";
		};
/* End PBXVariantGroup section */

/* Begin XCBuildConfiguration section */
		D68CBF772216BAD200FE59E6 /* Debug */ = {
			isa = XCBuildConfiguration;
			buildSettings = {
				ALWAYS_SEARCH_USER_PATHS = NO;
				CLANG_ANALYZER_NONNULL = YES;
				CLANG_ANALYZER_NUMBER_OBJECT_CONVERSION = YES_AGGRESSIVE;
				CLANG_CXX_LANGUAGE_STANDARD = "gnu++14";
				CLANG_CXX_LIBRARY = "libc++";
				CLANG_ENABLE_MODULES = YES;
				CLANG_ENABLE_OBJC_ARC = YES;
				CLANG_ENABLE_OBJC_WEAK = YES;
				CLANG_WARN_BLOCK_CAPTURE_AUTORELEASING = YES;
				CLANG_WARN_BOOL_CONVERSION = YES;
				CLANG_WARN_COMMA = YES;
				CLANG_WARN_CONSTANT_CONVERSION = YES;
				CLANG_WARN_DEPRECATED_OBJC_IMPLEMENTATIONS = YES;
				CLANG_WARN_DIRECT_OBJC_ISA_USAGE = YES_ERROR;
				CLANG_WARN_DOCUMENTATION_COMMENTS = YES;
				CLANG_WARN_EMPTY_BODY = YES;
				CLANG_WARN_ENUM_CONVERSION = YES;
				CLANG_WARN_INFINITE_RECURSION = YES;
				CLANG_WARN_INT_CONVERSION = YES;
				CLANG_WARN_NON_LITERAL_NULL_CONVERSION = YES;
				CLANG_WARN_OBJC_IMPLICIT_RETAIN_SELF = YES;
				CLANG_WARN_OBJC_LITERAL_CONVERSION = YES;
				CLANG_WARN_OBJC_ROOT_CLASS = YES_ERROR;
				CLANG_WARN_RANGE_LOOP_ANALYSIS = YES;
				CLANG_WARN_STRICT_PROTOTYPES = YES;
				CLANG_WARN_SUSPICIOUS_MOVE = YES;
				CLANG_WARN_UNGUARDED_AVAILABILITY = YES_AGGRESSIVE;
				CLANG_WARN_UNREACHABLE_CODE = YES;
				CLANG_WARN__DUPLICATE_METHOD_MATCH = YES;
				CODE_SIGN_IDENTITY = "iPhone Developer";
				COPY_PHASE_STRIP = NO;
				DEBUG_INFORMATION_FORMAT = dwarf;
				ENABLE_STRICT_OBJC_MSGSEND = YES;
				ENABLE_TESTABILITY = YES;
				GCC_C_LANGUAGE_STANDARD = gnu11;
				GCC_DYNAMIC_NO_PIC = NO;
				GCC_NO_COMMON_BLOCKS = YES;
				GCC_OPTIMIZATION_LEVEL = 0;
				GCC_PREPROCESSOR_DEFINITIONS = (
					"DEBUG=1",
					"$(inherited)",
				);
				GCC_WARN_64_TO_32_BIT_CONVERSION = YES;
				GCC_WARN_ABOUT_RETURN_TYPE = YES_ERROR;
				GCC_WARN_UNDECLARED_SELECTOR = YES;
				GCC_WARN_UNINITIALIZED_AUTOS = YES_AGGRESSIVE;
				GCC_WARN_UNUSED_FUNCTION = YES;
				GCC_WARN_UNUSED_VARIABLE = YES;
				IPHONEOS_DEPLOYMENT_TARGET = 12.1;
				MTL_ENABLE_DEBUG_INFO = INCLUDE_SOURCE;
				MTL_FAST_MATH = YES;
				ONLY_ACTIVE_ARCH = YES;
				SDKROOT = iphoneos;
				SWIFT_ACTIVE_COMPILATION_CONDITIONS = DEBUG;
				SWIFT_OPTIMIZATION_LEVEL = "-Onone";
			};
			name = Debug;
		};
		D68CBF782216BAD200FE59E6 /* Release */ = {
			isa = XCBuildConfiguration;
			buildSettings = {
				ALWAYS_SEARCH_USER_PATHS = NO;
				CLANG_ANALYZER_NONNULL = YES;
				CLANG_ANALYZER_NUMBER_OBJECT_CONVERSION = YES_AGGRESSIVE;
				CLANG_CXX_LANGUAGE_STANDARD = "gnu++14";
				CLANG_CXX_LIBRARY = "libc++";
				CLANG_ENABLE_MODULES = YES;
				CLANG_ENABLE_OBJC_ARC = YES;
				CLANG_ENABLE_OBJC_WEAK = YES;
				CLANG_WARN_BLOCK_CAPTURE_AUTORELEASING = YES;
				CLANG_WARN_BOOL_CONVERSION = YES;
				CLANG_WARN_COMMA = YES;
				CLANG_WARN_CONSTANT_CONVERSION = YES;
				CLANG_WARN_DEPRECATED_OBJC_IMPLEMENTATIONS = YES;
				CLANG_WARN_DIRECT_OBJC_ISA_USAGE = YES_ERROR;
				CLANG_WARN_DOCUMENTATION_COMMENTS = YES;
				CLANG_WARN_EMPTY_BODY = YES;
				CLANG_WARN_ENUM_CONVERSION = YES;
				CLANG_WARN_INFINITE_RECURSION = YES;
				CLANG_WARN_INT_CONVERSION = YES;
				CLANG_WARN_NON_LITERAL_NULL_CONVERSION = YES;
				CLANG_WARN_OBJC_IMPLICIT_RETAIN_SELF = YES;
				CLANG_WARN_OBJC_LITERAL_CONVERSION = YES;
				CLANG_WARN_OBJC_ROOT_CLASS = YES_ERROR;
				CLANG_WARN_RANGE_LOOP_ANALYSIS = YES;
				CLANG_WARN_STRICT_PROTOTYPES = YES;
				CLANG_WARN_SUSPICIOUS_MOVE = YES;
				CLANG_WARN_UNGUARDED_AVAILABILITY = YES_AGGRESSIVE;
				CLANG_WARN_UNREACHABLE_CODE = YES;
				CLANG_WARN__DUPLICATE_METHOD_MATCH = YES;
				CODE_SIGN_IDENTITY = "iPhone Developer";
				COPY_PHASE_STRIP = NO;
				DEBUG_INFORMATION_FORMAT = "dwarf-with-dsym";
				ENABLE_NS_ASSERTIONS = NO;
				ENABLE_STRICT_OBJC_MSGSEND = YES;
				GCC_C_LANGUAGE_STANDARD = gnu11;
				GCC_NO_COMMON_BLOCKS = YES;
				GCC_WARN_64_TO_32_BIT_CONVERSION = YES;
				GCC_WARN_ABOUT_RETURN_TYPE = YES_ERROR;
				GCC_WARN_UNDECLARED_SELECTOR = YES;
				GCC_WARN_UNINITIALIZED_AUTOS = YES_AGGRESSIVE;
				GCC_WARN_UNUSED_FUNCTION = YES;
				GCC_WARN_UNUSED_VARIABLE = YES;
				IPHONEOS_DEPLOYMENT_TARGET = 12.1;
				MTL_ENABLE_DEBUG_INFO = NO;
				MTL_FAST_MATH = YES;
				SDKROOT = iphoneos;
				SWIFT_COMPILATION_MODE = wholemodule;
				SWIFT_OPTIMIZATION_LEVEL = "-O";
				VALIDATE_PRODUCT = YES;
			};
			name = Release;
		};
		D68CBF7A2216BAD200FE59E6 /* Debug */ = {
			isa = XCBuildConfiguration;
			buildSettings = {
				ASSETCATALOG_COMPILER_APPICON_NAME = AppIcon;
				CODE_SIGN_STYLE = Automatic;
				DEVELOPMENT_TEAM = 5CG2MDFGM8;
				INFOPLIST_FILE = "Structures and Classes/Info.plist";
				LD_RUNPATH_SEARCH_PATHS = (
					"$(inherited)",
					"@executable_path/Frameworks",
				);
				PRODUCT_BUNDLE_IDENTIFIER = "com.Kiwitech.Structures-and-Classes";
				PRODUCT_NAME = "$(TARGET_NAME)";
				SWIFT_VERSION = 4.2;
				TARGETED_DEVICE_FAMILY = "1,2";
			};
			name = Debug;
		};
		D68CBF7B2216BAD200FE59E6 /* Release */ = {
			isa = XCBuildConfiguration;
			buildSettings = {
				ASSETCATALOG_COMPILER_APPICON_NAME = AppIcon;
				CODE_SIGN_STYLE = Automatic;
				DEVELOPMENT_TEAM = 5CG2MDFGM8;
				INFOPLIST_FILE = "Structures and Classes/Info.plist";
				LD_RUNPATH_SEARCH_PATHS = (
					"$(inherited)",
					"@executable_path/Frameworks",
				);
				PRODUCT_BUNDLE_IDENTIFIER = "com.Kiwitech.Structures-and-Classes";
				PRODUCT_NAME = "$(TARGET_NAME)";
				SWIFT_VERSION = 4.2;
				TARGETED_DEVICE_FAMILY = "1,2";
			};
			name = Release;
		};
		D68CBF7D2216BAD200FE59E6 /* Debug */ = {
			isa = XCBuildConfiguration;
			buildSettings = {
				ALWAYS_EMBED_SWIFT_STANDARD_LIBRARIES = YES;
				BUNDLE_LOADER = "$(TEST_HOST)";
				CODE_SIGN_STYLE = Automatic;
				DEVELOPMENT_TEAM = 5CG2MDFGM8;
				INFOPLIST_FILE = "Structures and ClassesTests/Info.plist";
				LD_RUNPATH_SEARCH_PATHS = (
					"$(inherited)",
					"@executable_path/Frameworks",
					"@loader_path/Frameworks",
				);
				PRODUCT_BUNDLE_IDENTIFIER = "com.Kiwitech.Structures-and-ClassesTests";
				PRODUCT_NAME = "$(TARGET_NAME)";
				SWIFT_VERSION = 4.2;
				TARGETED_DEVICE_FAMILY = "1,2";
				TEST_HOST = "$(BUILT_PRODUCTS_DIR)/Structures and Classes.app/Structures and Classes";
			};
			name = Debug;
		};
		D68CBF7E2216BAD200FE59E6 /* Release */ = {
			isa = XCBuildConfiguration;
			buildSettings = {
				ALWAYS_EMBED_SWIFT_STANDARD_LIBRARIES = YES;
				BUNDLE_LOADER = "$(TEST_HOST)";
				CODE_SIGN_STYLE = Automatic;
				DEVELOPMENT_TEAM = 5CG2MDFGM8;
				INFOPLIST_FILE = "Structures and ClassesTests/Info.plist";
				LD_RUNPATH_SEARCH_PATHS = (
					"$(inherited)",
					"@executable_path/Frameworks",
					"@loader_path/Frameworks",
				);
				PRODUCT_BUNDLE_IDENTIFIER = "com.Kiwitech.Structures-and-ClassesTests";
				PRODUCT_NAME = "$(TARGET_NAME)";
				SWIFT_VERSION = 4.2;
				TARGETED_DEVICE_FAMILY = "1,2";
				TEST_HOST = "$(BUILT_PRODUCTS_DIR)/Structures and Classes.app/Structures and Classes";
			};
			name = Release;
		};
		D68CBF802216BAD200FE59E6 /* Debug */ = {
			isa = XCBuildConfiguration;
			buildSettings = {
				ALWAYS_EMBED_SWIFT_STANDARD_LIBRARIES = YES;
				CODE_SIGN_STYLE = Automatic;
				DEVELOPMENT_TEAM = 5CG2MDFGM8;
				INFOPLIST_FILE = "Structures and ClassesUITests/Info.plist";
				LD_RUNPATH_SEARCH_PATHS = (
					"$(inherited)",
					"@executable_path/Frameworks",
					"@loader_path/Frameworks",
				);
				PRODUCT_BUNDLE_IDENTIFIER = "com.Kiwitech.Structures-and-ClassesUITests";
				PRODUCT_NAME = "$(TARGET_NAME)";
				SWIFT_VERSION = 4.2;
				TARGETED_DEVICE_FAMILY = "1,2";
				TEST_TARGET_NAME = "Structures and Classes";
			};
			name = Debug;
		};
		D68CBF812216BAD200FE59E6 /* Release */ = {
			isa = XCBuildConfiguration;
			buildSettings = {
				ALWAYS_EMBED_SWIFT_STANDARD_LIBRARIES = YES;
				CODE_SIGN_STYLE = Automatic;
				DEVELOPMENT_TEAM = 5CG2MDFGM8;
				INFOPLIST_FILE = "Structures and ClassesUITests/Info.plist";
				LD_RUNPATH_SEARCH_PATHS = (
					"$(inherited)",
					"@executable_path/Frameworks",
					"@loader_path/Frameworks",
				);
				PRODUCT_BUNDLE_IDENTIFIER = "com.Kiwitech.Structures-and-ClassesUITests";
				PRODUCT_NAME = "$(TARGET_NAME)";
				SWIFT_VERSION = 4.2;
				TARGETED_DEVICE_FAMILY = "1,2";
				TEST_TARGET_NAME = "Structures and Classes";
			};
			name = Release;
		};
/* End XCBuildConfiguration section */

/* Begin XCConfigurationList section */
		D68CBF4C2216BAC700FE59E6 /* Build configuration list for PBXProject "Structures and Classes" */ = {
			isa = XCConfigurationList;
			buildConfigurations = (
				D68CBF772216BAD200FE59E6 /* Debug */,
				D68CBF782216BAD200FE59E6 /* Release */,
			);
			defaultConfigurationIsVisible = 0;
			defaultConfigurationName = Release;
		};
		D68CBF792216BAD200FE59E6 /* Build configuration list for PBXNativeTarget "Structures and Classes" */ = {
			isa = XCConfigurationList;
			buildConfigurations = (
				D68CBF7A2216BAD200FE59E6 /* Debug */,
				D68CBF7B2216BAD200FE59E6 /* Release */,
			);
			defaultConfigurationIsVisible = 0;
			defaultConfigurationName = Release;
		};
		D68CBF7C2216BAD200FE59E6 /* Build configuration list for PBXNativeTarget "Structures and ClassesTests" */ = {
			isa = XCConfigurationList;
			buildConfigurations = (
				D68CBF7D2216BAD200FE59E6 /* Debug */,
				D68CBF7E2216BAD200FE59E6 /* Release */,
			);
			defaultConfigurationIsVisible = 0;
			defaultConfigurationName = Release;
		};
		D68CBF7F2216BAD200FE59E6 /* Build configuration list for PBXNativeTarget "Structures and ClassesUITests" */ = {
			isa = XCConfigurationList;
			buildConfigurations = (
				D68CBF802216BAD200FE59E6 /* Debug */,
				D68CBF812216BAD200FE59E6 /* Release */,
			);
			defaultConfigurationIsVisible = 0;
			defaultConfigurationName = Release;
		};
/* End XCConfigurationList section */
	};
	rootObject = D68CBF492216BAC700FE59E6 /* Project object */;
}
