// !$*UTF8*$!
{
	archiveVersion = 1;
	classes = {
	};
	objectVersion = 50;
	objects = {

/* Begin PBXBuildFile section */
		484D9E43223DECFF003F111D /* TableViewControllerCustomCell.swift in Sources */ = {isa = PBXBuildFile; fileRef = 484D9E42223DECFF003F111D /* TableViewControllerCustomCell.swift */; };
		484D9E46223DF844003F111D /* CustomViewCell.swift in Sources */ = {isa = PBXBuildFile; fileRef = 484D9E44223DF844003F111D /* CustomViewCell.swift */; };
		484D9E47223DF844003F111D /* CustomViewCell.xib in Resources */ = {isa = PBXBuildFile; fileRef = 484D9E45223DF844003F111D /* CustomViewCell.xib */; };
		484D9E4B223E0B99003F111D /* ShowVc.swift in Sources */ = {isa = PBXBuildFile; fileRef = 484D9E4A223E0B99003F111D /* ShowVc.swift */; };
		48C1AA1D223CD3F000398495 /* TextViewController.swift in Sources */ = {isa = PBXBuildFile; fileRef = 48C1AA1C223CD3F000398495 /* TextViewController.swift */; };
		D683BC4D2238F13400A69E4B /* AppDelegate.swift in Sources */ = {isa = PBXBuildFile; fileRef = D683BC4C2238F13400A69E4B /* AppDelegate.swift */; };
		D683BC4F2238F13400A69E4B /* ViewController.swift in Sources */ = {isa = PBXBuildFile; fileRef = D683BC4E2238F13400A69E4B /* ViewController.swift */; };
		D683BC522238F13500A69E4B /* Main.storyboard in Resources */ = {isa = PBXBuildFile; fileRef = D683BC502238F13500A69E4B /* Main.storyboard */; };
		D683BC542238F14300A69E4B /* Assets.xcassets in Resources */ = {isa = PBXBuildFile; fileRef = D683BC532238F14300A69E4B /* Assets.xcassets */; };
		D683BC572238F14300A69E4B /* LaunchScreen.storyboard in Resources */ = {isa = PBXBuildFile; fileRef = D683BC552238F14300A69E4B /* LaunchScreen.storyboard */; };
		D683BC5F2238F2B100A69E4B /* TableViewController.swift in Sources */ = {isa = PBXBuildFile; fileRef = D683BC5E2238F2B100A69E4B /* TableViewController.swift */; };
		D683BC612238F53000A69E4B /* arrayClass.swift in Sources */ = {isa = PBXBuildFile; fileRef = D683BC602238F53000A69E4B /* arrayClass.swift */; };
		D68A586C223FB02F000F116A /* ServerData.json in Resources */ = {isa = PBXBuildFile; fileRef = D68A586B223FB02F000F116A /* ServerData.json */; };
/* End PBXBuildFile section */

/* Begin PBXFileReference section */
		484D9E42223DECFF003F111D /* TableViewControllerCustomCell.swift */ = {isa = PBXFileReference; lastKnownFileType = sourcecode.swift; path = TableViewControllerCustomCell.swift; sourceTree = "<group>"; };
		484D9E44223DF844003F111D /* CustomViewCell.swift */ = {isa = PBXFileReference; lastKnownFileType = sourcecode.swift; path = CustomViewCell.swift; sourceTree = "<group>"; };
		484D9E45223DF844003F111D /* CustomViewCell.xib */ = {isa = PBXFileReference; lastKnownFileType = file.xib; path = CustomViewCell.xib; sourceTree = "<group>"; };
		484D9E4A223E0B99003F111D /* ShowVc.swift */ = {isa = PBXFileReference; lastKnownFileType = sourcecode.swift; path = ShowVc.swift; sourceTree = "<group>"; };
		48C1AA1C223CD3F000398495 /* TextViewController.swift */ = {isa = PBXFileReference; lastKnownFileType = sourcecode.swift; path = TextViewController.swift; sourceTree = "<group>"; };
		D683BC492238F13400A69E4B /* TableView3.app */ = {isa = PBXFileReference; explicitFileType = wrapper.application; includeInIndex = 0; path = TableView3.app; sourceTree = BUILT_PRODUCTS_DIR; };
		D683BC4C2238F13400A69E4B /* AppDelegate.swift */ = {isa = PBXFileReference; lastKnownFileType = sourcecode.swift; path = AppDelegate.swift; sourceTree = "<group>"; };
		D683BC4E2238F13400A69E4B /* ViewController.swift */ = {isa = PBXFileReference; lastKnownFileType = sourcecode.swift; path = ViewController.swift; sourceTree = "<group>"; };
		D683BC512238F13500A69E4B /* Base */ = {isa = PBXFileReference; lastKnownFileType = file.storyboard; name = Base; path = Base.lproj/Main.storyboard; sourceTree = "<group>"; };
		D683BC532238F14300A69E4B /* Assets.xcassets */ = {isa = PBXFileReference; lastKnownFileType = folder.assetcatalog; path = Assets.xcassets; sourceTree = "<group>"; };
		D683BC562238F14300A69E4B /* Base */ = {isa = PBXFileReference; lastKnownFileType = file.storyboard; name = Base; path = Base.lproj/LaunchScreen.storyboard; sourceTree = "<group>"; };
		D683BC582238F14300A69E4B /* Info.plist */ = {isa = PBXFileReference; lastKnownFileType = text.plist.xml; path = Info.plist; sourceTree = "<group>"; };
		D683BC5E2238F2B100A69E4B /* TableViewController.swift */ = {isa = PBXFileReference; lastKnownFileType = sourcecode.swift; path = TableViewController.swift; sourceTree = "<group>"; };
		D683BC602238F53000A69E4B /* arrayClass.swift */ = {isa = PBXFileReference; lastKnownFileType = sourcecode.swift; path = arrayClass.swift; sourceTree = "<group>"; };
		D68A586B223FB02F000F116A /* ServerData.json */ = {isa = PBXFileReference; fileEncoding = 4; lastKnownFileType = text.json; path = ServerData.json; sourceTree = "<group>"; };
/* End PBXFileReference section */

/* Begin PBXFrameworksBuildPhase section */
		D683BC462238F13400A69E4B /* Frameworks */ = {
			isa = PBXFrameworksBuildPhase;
			buildActionMask = 2147483647;
			files = (
			);
			runOnlyForDeploymentPostprocessing = 0;
		};
/* End PBXFrameworksBuildPhase section */

/* Begin PBXGroup section */
		484D9E38223DE988003F111D /* TableViewController */ = {
			isa = PBXGroup;
			children = (
				D683BC4E2238F13400A69E4B /* ViewController.swift */,
				D683BC5E2238F2B100A69E4B /* TableViewController.swift */,
				D683BC602238F53000A69E4B /* arrayClass.swift */,
				48C1AA1C223CD3F000398495 /* TextViewController.swift */,
			);
			path = TableViewController;
			sourceTree = "<group>";
		};
		484D9E49223E08C6003F111D /* CustomCell */ = {
			isa = PBXGroup;
			children = (
				484D9E44223DF844003F111D /* CustomViewCell.swift */,
				484D9E45223DF844003F111D /* CustomViewCell.xib */,
				484D9E42223DECFF003F111D /* TableViewControllerCustomCell.swift */,
				484D9E4A223E0B99003F111D /* ShowVc.swift */,
			);
			path = CustomCell;
			sourceTree = "<group>";
		};
		D683BC402238F13400A69E4B = {
			isa = PBXGroup;
			children = (
				D683BC4B2238F13400A69E4B /* TableView3 */,
				D683BC4A2238F13400A69E4B /* Products */,
			);
			sourceTree = "<group>";
		};
		D683BC4A2238F13400A69E4B /* Products */ = {
			isa = PBXGroup;
			children = (
				D683BC492238F13400A69E4B /* TableView3.app */,
			);
			name = Products;
			sourceTree = "<group>";
		};
		D683BC4B2238F13400A69E4B /* TableView3 */ = {
			isa = PBXGroup;
			children = (
				D683BC4C2238F13400A69E4B /* AppDelegate.swift */,
				484D9E38223DE988003F111D /* TableViewController */,
				484D9E49223E08C6003F111D /* CustomCell */,
				D683BC502238F13500A69E4B /* Main.storyboard */,
				D683BC532238F14300A69E4B /* Assets.xcassets */,
				D683BC552238F14300A69E4B /* LaunchScreen.storyboard */,
				D68A586B223FB02F000F116A /* ServerData.json */,
				D683BC582238F14300A69E4B /* Info.plist */,
			);
			path = TableView3;
			sourceTree = "<group>";
		};
/* End PBXGroup section */

/* Begin PBXNativeTarget section */
		D683BC482238F13400A69E4B /* TableView3 */ = {
			isa = PBXNativeTarget;
			buildConfigurationList = D683BC5B2238F14300A69E4B /* Build configuration list for PBXNativeTarget "TableView3" */;
			buildPhases = (
				D683BC452238F13400A69E4B /* Sources */,
				D683BC462238F13400A69E4B /* Frameworks */,
				D683BC472238F13400A69E4B /* Resources */,
			);
			buildRules = (
			);
			dependencies = (
			);
			name = TableView3;
			productName = TableView3;
			productReference = D683BC492238F13400A69E4B /* TableView3.app */;
			productType = "com.apple.product-type.application";
		};
/* End PBXNativeTarget section */

/* Begin PBXProject section */
		D683BC412238F13400A69E4B /* Project object */ = {
			isa = PBXProject;
			attributes = {
				LastSwiftUpdateCheck = 1010;
				LastUpgradeCheck = 1010;
				ORGANIZATIONNAME = KiwiTech;
				TargetAttributes = {
					D683BC482238F13400A69E4B = {
						CreatedOnToolsVersion = 10.1;
					};
				};
			};
			buildConfigurationList = D683BC442238F13400A69E4B /* Build configuration list for PBXProject "TableView3" */;
			compatibilityVersion = "Xcode 9.3";
			developmentRegion = en;
			hasScannedForEncodings = 0;
			knownRegions = (
				en,
				Base,
			);
			mainGroup = D683BC402238F13400A69E4B;
			productRefGroup = D683BC4A2238F13400A69E4B /* Products */;
			projectDirPath = "";
			projectRoot = "";
			targets = (
				D683BC482238F13400A69E4B /* TableView3 */,
			);
		};
/* End PBXProject section */

/* Begin PBXResourcesBuildPhase section */
		D683BC472238F13400A69E4B /* Resources */ = {
			isa = PBXResourcesBuildPhase;
			buildActionMask = 2147483647;
			files = (
				D683BC572238F14300A69E4B /* LaunchScreen.storyboard in Resources */,
				484D9E47223DF844003F111D /* CustomViewCell.xib in Resources */,
				D683BC542238F14300A69E4B /* Assets.xcassets in Resources */,
				D68A586C223FB02F000F116A /* ServerData.json in Resources */,
				D683BC522238F13500A69E4B /* Main.storyboard in Resources */,
			);
			runOnlyForDeploymentPostprocessing = 0;
		};
/* End PBXResourcesBuildPhase section */

/* Begin PBXSourcesBuildPhase section */
		D683BC452238F13400A69E4B /* Sources */ = {
			isa = PBXSourcesBuildPhase;
			buildActionMask = 2147483647;
			files = (
				48C1AA1D223CD3F000398495 /* TextViewController.swift in Sources */,
				484D9E4B223E0B99003F111D /* ShowVc.swift in Sources */,
				D683BC612238F53000A69E4B /* arrayClass.swift in Sources */,
				484D9E46223DF844003F111D /* CustomViewCell.swift in Sources */,
				484D9E43223DECFF003F111D /* TableViewControllerCustomCell.swift in Sources */,
				D683BC4F2238F13400A69E4B /* ViewController.swift in Sources */,
				D683BC5F2238F2B100A69E4B /* TableViewController.swift in Sources */,
				D683BC4D2238F13400A69E4B /* AppDelegate.swift in Sources */,
			);
			runOnlyForDeploymentPostprocessing = 0;
		};
/* End PBXSourcesBuildPhase section */

/* Begin PBXVariantGroup section */
		D683BC502238F13500A69E4B /* Main.storyboard */ = {
			isa = PBXVariantGroup;
			children = (
				D683BC512238F13500A69E4B /* Base */,
			);
			name = Main.storyboard;
			sourceTree = "<group>";
		};
		D683BC552238F14300A69E4B /* LaunchScreen.storyboard */ = {
			isa = PBXVariantGroup;
			children = (
				D683BC562238F14300A69E4B /* Base */,
			);
			name = LaunchScreen.storyboard;
			sourceTree = "<group>";
		};
/* End PBXVariantGroup section */

/* Begin XCBuildConfiguration section */
		D683BC592238F14300A69E4B /* Debug */ = {
			isa = XCBuildConfiguration;
			buildSettings = {
				ALWAYS_SEARCH_USER_PATHS = NO;
				CLANG_ANALYZER_LOCALIZABILITY_NONLOCALIZED = YES;
				CLANG_ANALYZER_NONNULL = YES;
				CLANG_ANALYZER_NUMBER_OBJECT_CONVERSION = YES_AGGRESSIVE;
				CLANG_CXX_LANGUAGE_STANDARD = "gnu++14";
				CLANG_CXX_LIBRARY = "libc++";
				CLANG_ENABLE_MODULES = YES;
				CLANG_ENABLE_OBJC_ARC = YES;
				CLANG_ENABLE_OBJC_WEAK = YES;
				CLANG_WARN_BLOCK_CAPTURE_AUTORELEASING = YES;
				CLANG_WARN_BOOL_CONVERSION = YES;
				CLANG_WARN_COMMA = YES;
				CLANG_WARN_CONSTANT_CONVERSION = YES;
				CLANG_WARN_DEPRECATED_OBJC_IMPLEMENTATIONS = YES;
				CLANG_WARN_DIRECT_OBJC_ISA_USAGE = YES_ERROR;
				CLANG_WARN_DOCUMENTATION_COMMENTS = YES;
				CLANG_WARN_EMPTY_BODY = YES;
				CLANG_WARN_ENUM_CONVERSION = YES;
				CLANG_WARN_INFINITE_RECURSION = YES;
				CLANG_WARN_INT_CONVERSION = YES;
				CLANG_WARN_NON_LITERAL_NULL_CONVERSION = YES;
				CLANG_WARN_OBJC_IMPLICIT_RETAIN_SELF = YES;
				CLANG_WARN_OBJC_LITERAL_CONVERSION = YES;
				CLANG_WARN_OBJC_ROOT_CLASS = YES_ERROR;
				CLANG_WARN_RANGE_LOOP_ANALYSIS = YES;
				CLANG_WARN_STRICT_PROTOTYPES = YES;
				CLANG_WARN_SUSPICIOUS_MOVE = YES;
				CLANG_WARN_UNGUARDED_AVAILABILITY = YES_AGGRESSIVE;
				CLANG_WARN_UNREACHABLE_CODE = YES;
				CLANG_WARN__DUPLICATE_METHOD_MATCH = YES;
				CODE_SIGN_IDENTITY = "iPhone Developer";
				COPY_PHASE_STRIP = NO;
				DEBUG_INFORMATION_FORMAT = dwarf;
				ENABLE_STRICT_OBJC_MSGSEND = YES;
				ENABLE_TESTABILITY = YES;
				GCC_C_LANGUAGE_STANDARD = gnu11;
				GCC_DYNAMIC_NO_PIC = NO;
				GCC_NO_COMMON_BLOCKS = YES;
				GCC_OPTIMIZATION_LEVEL = 0;
				GCC_PREPROCESSOR_DEFINITIONS = (
					"DEBUG=1",
					"$(inherited)",
				);
				GCC_WARN_64_TO_32_BIT_CONVERSION = YES;
				GCC_WARN_ABOUT_RETURN_TYPE = YES_ERROR;
				GCC_WARN_UNDECLARED_SELECTOR = YES;
				GCC_WARN_UNINITIALIZED_AUTOS = YES_AGGRESSIVE;
				GCC_WARN_UNUSED_FUNCTION = YES;
				GCC_WARN_UNUSED_VARIABLE = YES;
				IPHONEOS_DEPLOYMENT_TARGET = 12.1;
				MTL_ENABLE_DEBUG_INFO = INCLUDE_SOURCE;
				MTL_FAST_MATH = YES;
				ONLY_ACTIVE_ARCH = YES;
				SDKROOT = iphoneos;
				SWIFT_ACTIVE_COMPILATION_CONDITIONS = DEBUG;
				SWIFT_OPTIMIZATION_LEVEL = "-Onone";
			};
			name = Debug;
		};
		D683BC5A2238F14300A69E4B /* Release */ = {
			isa = XCBuildConfiguration;
			buildSettings = {
				ALWAYS_SEARCH_USER_PATHS = NO;
				CLANG_ANALYZER_LOCALIZABILITY_NONLOCALIZED = YES;
				CLANG_ANALYZER_NONNULL = YES;
				CLANG_ANALYZER_NUMBER_OBJECT_CONVERSION = YES_AGGRESSIVE;
				CLANG_CXX_LANGUAGE_STANDARD = "gnu++14";
				CLANG_CXX_LIBRARY = "libc++";
				CLANG_ENABLE_MODULES = YES;
				CLANG_ENABLE_OBJC_ARC = YES;
				CLANG_ENABLE_OBJC_WEAK = YES;
				CLANG_WARN_BLOCK_CAPTURE_AUTORELEASING = YES;
				CLANG_WARN_BOOL_CONVERSION = YES;
				CLANG_WARN_COMMA = YES;
				CLANG_WARN_CONSTANT_CONVERSION = YES;
				CLANG_WARN_DEPRECATED_OBJC_IMPLEMENTATIONS = YES;
				CLANG_WARN_DIRECT_OBJC_ISA_USAGE = YES_ERROR;
				CLANG_WARN_DOCUMENTATION_COMMENTS = YES;
				CLANG_WARN_EMPTY_BODY = YES;
				CLANG_WARN_ENUM_CONVERSION = YES;
				CLANG_WARN_INFINITE_RECURSION = YES;
				CLANG_WARN_INT_CONVERSION = YES;
				CLANG_WARN_NON_LITERAL_NULL_CONVERSION = YES;
				CLANG_WARN_OBJC_IMPLICIT_RETAIN_SELF = YES;
				CLANG_WARN_OBJC_LITERAL_CONVERSION = YES;
				CLANG_WARN_OBJC_ROOT_CLASS = YES_ERROR;
				CLANG_WARN_RANGE_LOOP_ANALYSIS = YES;
				CLANG_WARN_STRICT_PROTOTYPES = YES;
				CLANG_WARN_SUSPICIOUS_MOVE = YES;
				CLANG_WARN_UNGUARDED_AVAILABILITY = YES_AGGRESSIVE;
				CLANG_WARN_UNREACHABLE_CODE = YES;
				CLANG_WARN__DUPLICATE_METHOD_MATCH = YES;
				CODE_SIGN_IDENTITY = "iPhone Developer";
				COPY_PHASE_STRIP = NO;
				DEBUG_INFORMATION_FORMAT = "dwarf-with-dsym";
				ENABLE_NS_ASSERTIONS = NO;
				ENABLE_STRICT_OBJC_MSGSEND = YES;
				GCC_C_LANGUAGE_STANDARD = gnu11;
				GCC_NO_COMMON_BLOCKS = YES;
				GCC_WARN_64_TO_32_BIT_CONVERSION = YES;
				GCC_WARN_ABOUT_RETURN_TYPE = YES_ERROR;
				GCC_WARN_UNDECLARED_SELECTOR = YES;
				GCC_WARN_UNINITIALIZED_AUTOS = YES_AGGRESSIVE;
				GCC_WARN_UNUSED_FUNCTION = YES;
				GCC_WARN_UNUSED_VARIABLE = YES;
				IPHONEOS_DEPLOYMENT_TARGET = 12.1;
				MTL_ENABLE_DEBUG_INFO = NO;
				MTL_FAST_MATH = YES;
				SDKROOT = iphoneos;
				SWIFT_COMPILATION_MODE = wholemodule;
				SWIFT_OPTIMIZATION_LEVEL = "-O";
				VALIDATE_PRODUCT = YES;
			};
			name = Release;
		};
		D683BC5C2238F14300A69E4B /* Debug */ = {
			isa = XCBuildConfiguration;
			buildSettings = {
				ASSETCATALOG_COMPILER_APPICON_NAME = AppIcon;
				CODE_SIGN_STYLE = Automatic;
				DEVELOPMENT_TEAM = 5CG2MDFGM8;
				INFOPLIST_FILE = TableView3/Info.plist;
				IPHONEOS_DEPLOYMENT_TARGET = 12.1;
				LD_RUNPATH_SEARCH_PATHS = (
					"$(inherited)",
					"@executable_path/Frameworks",
				);
				PRODUCT_BUNDLE_IDENTIFIER = com.Kiwitech.TableView3;
				PRODUCT_NAME = "$(TARGET_NAME)";
				SWIFT_VERSION = 4.2;
				TARGETED_DEVICE_FAMILY = "1,2";
			};
			name = Debug;
		};
		D683BC5D2238F14300A69E4B /* Release */ = {
			isa = XCBuildConfiguration;
			buildSettings = {
				ASSETCATALOG_COMPILER_APPICON_NAME = AppIcon;
				CODE_SIGN_STYLE = Automatic;
				DEVELOPMENT_TEAM = 5CG2MDFGM8;
				INFOPLIST_FILE = TableView3/Info.plist;
				IPHONEOS_DEPLOYMENT_TARGET = 12.1;
				LD_RUNPATH_SEARCH_PATHS = (
					"$(inherited)",
					"@executable_path/Frameworks",
				);
				PRODUCT_BUNDLE_IDENTIFIER = com.Kiwitech.TableView3;
				PRODUCT_NAME = "$(TARGET_NAME)";
				SWIFT_VERSION = 4.2;
				TARGETED_DEVICE_FAMILY = "1,2";
			};
			name = Release;
		};
/* End XCBuildConfiguration section */

/* Begin XCConfigurationList section */
		D683BC442238F13400A69E4B /* Build configuration list for PBXProject "TableView3" */ = {
			isa = XCConfigurationList;
			buildConfigurations = (
				D683BC592238F14300A69E4B /* Debug */,
				D683BC5A2238F14300A69E4B /* Release */,
			);
			defaultConfigurationIsVisible = 0;
			defaultConfigurationName = Release;
		};
		D683BC5B2238F14300A69E4B /* Build configuration list for PBXNativeTarget "TableView3" */ = {
			isa = XCConfigurationList;
			buildConfigurations = (
				D683BC5C2238F14300A69E4B /* Debug */,
				D683BC5D2238F14300A69E4B /* Release */,
			);
			defaultConfigurationIsVisible = 0;
			defaultConfigurationName = Release;
		};
/* End XCConfigurationList section */
	};
	rootObject = D683BC412238F13400A69E4B /* Project object */;
}
