// !$*UTF8*$!
{
	archiveVersion = 1;
	classes = {
	};
	objectVersion = 50;
	objects = {

/* Begin PBXBuildFile section */
		D6A3FEC6215A41CC0047FD2F /* AppDelegate.swift in Sources */ = {isa = PBXBuildFile; fileRef = D6A3FEC5215A41CC0047FD2F /* AppDelegate.swift */; };
		D6A3FEC8215A41CC0047FD2F /* ViewController.swift in Sources */ = {isa = PBXBuildFile; fileRef = D6A3FEC7215A41CC0047FD2F /* ViewController.swift */; };
		D6A3FECB215A41CC0047FD2F /* Main.storyboard in Resources */ = {isa = PBXBuildFile; fileRef = D6A3FEC9215A41CC0047FD2F /* Main.storyboard */; };
		D6A3FECD215A41D30047FD2F /* Assets.xcassets in Resources */ = {isa = PBXBuildFile; fileRef = D6A3FECC215A41D30047FD2F /* Assets.xcassets */; };
		D6A3FED0215A41D30047FD2F /* LaunchScreen.storyboard in Resources */ = {isa = PBXBuildFile; fileRef = D6A3FECE215A41D30047FD2F /* LaunchScreen.storyboard */; };
		D6A3FEDB215A41D30047FD2F /* TestArrmTests.swift in Sources */ = {isa = PBXBuildFile; fileRef = D6A3FEDA215A41D30047FD2F /* TestArrmTests.swift */; };
		D6A3FEE6215A41D30047FD2F /* TestArrmUITests.swift in Sources */ = {isa = PBXBuildFile; fileRef = D6A3FEE5215A41D30047FD2F /* TestArrmUITests.swift */; };
/* End PBXBuildFile section */

/* Begin PBXContainerItemProxy section */
		D6A3FED7215A41D30047FD2F /* PBXContainerItemProxy */ = {
			isa = PBXContainerItemProxy;
			containerPortal = D6A3FEBA215A41CB0047FD2F /* Project object */;
			proxyType = 1;
			remoteGlobalIDString = D6A3FEC1215A41CC0047FD2F;
			remoteInfo = TestArrm;
		};
		D6A3FEE2215A41D30047FD2F /* PBXContainerItemProxy */ = {
			isa = PBXContainerItemProxy;
			containerPortal = D6A3FEBA215A41CB0047FD2F /* Project object */;
			proxyType = 1;
			remoteGlobalIDString = D6A3FEC1215A41CC0047FD2F;
			remoteInfo = TestArrm;
		};
/* End PBXContainerItemProxy section */

/* Begin PBXFileReference section */
		D6A3FEC2215A41CC0047FD2F /* TestArrm.app */ = {isa = PBXFileReference; explicitFileType = wrapper.application; includeInIndex = 0; path = TestArrm.app; sourceTree = BUILT_PRODUCTS_DIR; };
		D6A3FEC5215A41CC0047FD2F /* AppDelegate.swift */ = {isa = PBXFileReference; lastKnownFileType = sourcecode.swift; path = AppDelegate.swift; sourceTree = "<group>"; };
		D6A3FEC7215A41CC0047FD2F /* ViewController.swift */ = {isa = PBXFileReference; lastKnownFileType = sourcecode.swift; path = ViewController.swift; sourceTree = "<group>"; };
		D6A3FECA215A41CC0047FD2F /* Base */ = {isa = PBXFileReference; lastKnownFileType = file.storyboard; name = Base; path = Base.lproj/Main.storyboard; sourceTree = "<group>"; };
		D6A3FECC215A41D30047FD2F /* Assets.xcassets */ = {isa = PBXFileReference; lastKnownFileType = folder.assetcatalog; path = Assets.xcassets; sourceTree = "<group>"; };
		D6A3FECF215A41D30047FD2F /* Base */ = {isa = PBXFileReference; lastKnownFileType = file.storyboard; name = Base; path = Base.lproj/LaunchScreen.storyboard; sourceTree = "<group>"; };
		D6A3FED1215A41D30047FD2F /* Info.plist */ = {isa = PBXFileReference; lastKnownFileType = text.plist.xml; path = Info.plist; sourceTree = "<group>"; };
		D6A3FED6215A41D30047FD2F /* TestArrmTests.xctest */ = {isa = PBXFileReference; explicitFileType = wrapper.cfbundle; includeInIndex = 0; path = TestArrmTests.xctest; sourceTree = BUILT_PRODUCTS_DIR; };
		D6A3FEDA215A41D30047FD2F /* TestArrmTests.swift */ = {isa = PBXFileReference; lastKnownFileType = sourcecode.swift; path = TestArrmTests.swift; sourceTree = "<group>"; };
		D6A3FEDC215A41D30047FD2F /* Info.plist */ = {isa = PBXFileReference; lastKnownFileType = text.plist.xml; path = Info.plist; sourceTree = "<group>"; };
		D6A3FEE1215A41D30047FD2F /* TestArrmUITests.xctest */ = {isa = PBXFileReference; explicitFileType = wrapper.cfbundle; includeInIndex = 0; path = TestArrmUITests.xctest; sourceTree = BUILT_PRODUCTS_DIR; };
		D6A3FEE5215A41D30047FD2F /* TestArrmUITests.swift */ = {isa = PBXFileReference; lastKnownFileType = sourcecode.swift; path = TestArrmUITests.swift; sourceTree = "<group>"; };
		D6A3FEE7215A41D30047FD2F /* Info.plist */ = {isa = PBXFileReference; lastKnownFileType = text.plist.xml; path = Info.plist; sourceTree = "<group>"; };
/* End PBXFileReference section */

/* Begin PBXFrameworksBuildPhase section */
		D6A3FEBF215A41CC0047FD2F /* Frameworks */ = {
			isa = PBXFrameworksBuildPhase;
			buildActionMask = 2147483647;
			files = (
			);
			runOnlyForDeploymentPostprocessing = 0;
		};
		D6A3FED3215A41D30047FD2F /* Frameworks */ = {
			isa = PBXFrameworksBuildPhase;
			buildActionMask = 2147483647;
			files = (
			);
			runOnlyForDeploymentPostprocessing = 0;
		};
		D6A3FEDE215A41D30047FD2F /* Frameworks */ = {
			isa = PBXFrameworksBuildPhase;
			buildActionMask = 2147483647;
			files = (
			);
			runOnlyForDeploymentPostprocessing = 0;
		};
/* End PBXFrameworksBuildPhase section */

/* Begin PBXGroup section */
		D6A3FEB9215A41CB0047FD2F = {
			isa = PBXGroup;
			children = (
				D6A3FEC4215A41CC0047FD2F /* TestArrm */,
				D6A3FED9215A41D30047FD2F /* TestArrmTests */,
				D6A3FEE4215A41D30047FD2F /* TestArrmUITests */,
				D6A3FEC3215A41CC0047FD2F /* Products */,
			);
			sourceTree = "<group>";
		};
		D6A3FEC3215A41CC0047FD2F /* Products */ = {
			isa = PBXGroup;
			children = (
				D6A3FEC2215A41CC0047FD2F /* TestArrm.app */,
				D6A3FED6215A41D30047FD2F /* TestArrmTests.xctest */,
				D6A3FEE1215A41D30047FD2F /* TestArrmUITests.xctest */,
			);
			name = Products;
			sourceTree = "<group>";
		};
		D6A3FEC4215A41CC0047FD2F /* TestArrm */ = {
			isa = PBXGroup;
			children = (
				D6A3FEC5215A41CC0047FD2F /* AppDelegate.swift */,
				D6A3FEC7215A41CC0047FD2F /* ViewController.swift */,
				D6A3FEC9215A41CC0047FD2F /* Main.storyboard */,
				D6A3FECC215A41D30047FD2F /* Assets.xcassets */,
				D6A3FECE215A41D30047FD2F /* LaunchScreen.storyboard */,
				D6A3FED1215A41D30047FD2F /* Info.plist */,
			);
			path = TestArrm;
			sourceTree = "<group>";
		};
		D6A3FED9215A41D30047FD2F /* TestArrmTests */ = {
			isa = PBXGroup;
			children = (
				D6A3FEDA215A41D30047FD2F /* TestArrmTests.swift */,
				D6A3FEDC215A41D30047FD2F /* Info.plist */,
			);
			path = TestArrmTests;
			sourceTree = "<group>";
		};
		D6A3FEE4215A41D30047FD2F /* TestArrmUITests */ = {
			isa = PBXGroup;
			children = (
				D6A3FEE5215A41D30047FD2F /* TestArrmUITests.swift */,
				D6A3FEE7215A41D30047FD2F /* Info.plist */,
			);
			path = TestArrmUITests;
			sourceTree = "<group>";
		};
/* End PBXGroup section */

/* Begin PBXNativeTarget section */
		D6A3FEC1215A41CC0047FD2F /* TestArrm */ = {
			isa = PBXNativeTarget;
			buildConfigurationList = D6A3FEEA215A41D30047FD2F /* Build configuration list for PBXNativeTarget "TestArrm" */;
			buildPhases = (
				D6A3FEBE215A41CC0047FD2F /* Sources */,
				D6A3FEBF215A41CC0047FD2F /* Frameworks */,
				D6A3FEC0215A41CC0047FD2F /* Resources */,
			);
			buildRules = (
			);
			dependencies = (
			);
			name = TestArrm;
			productName = TestArrm;
			productReference = D6A3FEC2215A41CC0047FD2F /* TestArrm.app */;
			productType = "com.apple.product-type.application";
		};
		D6A3FED5215A41D30047FD2F /* TestArrmTests */ = {
			isa = PBXNativeTarget;
			buildConfigurationList = D6A3FEED215A41D30047FD2F /* Build configuration list for PBXNativeTarget "TestArrmTests" */;
			buildPhases = (
				D6A3FED2215A41D30047FD2F /* Sources */,
				D6A3FED3215A41D30047FD2F /* Frameworks */,
				D6A3FED4215A41D30047FD2F /* Resources */,
			);
			buildRules = (
			);
			dependencies = (
				D6A3FED8215A41D30047FD2F /* PBXTargetDependency */,
			);
			name = TestArrmTests;
			productName = TestArrmTests;
			productReference = D6A3FED6215A41D30047FD2F /* TestArrmTests.xctest */;
			productType = "com.apple.product-type.bundle.unit-test";
		};
		D6A3FEE0215A41D30047FD2F /* TestArrmUITests */ = {
			isa = PBXNativeTarget;
			buildConfigurationList = D6A3FEF0215A41D30047FD2F /* Build configuration list for PBXNativeTarget "TestArrmUITests" */;
			buildPhases = (
				D6A3FEDD215A41D30047FD2F /* Sources */,
				D6A3FEDE215A41D30047FD2F /* Frameworks */,
				D6A3FEDF215A41D30047FD2F /* Resources */,
			);
			buildRules = (
			);
			dependencies = (
				D6A3FEE3215A41D30047FD2F /* PBXTargetDependency */,
			);
			name = TestArrmUITests;
			productName = TestArrmUITests;
			productReference = D6A3FEE1215A41D30047FD2F /* TestArrmUITests.xctest */;
			productType = "com.apple.product-type.bundle.ui-testing";
		};
/* End PBXNativeTarget section */

/* Begin PBXProject section */
		D6A3FEBA215A41CB0047FD2F /* Project object */ = {
			isa = PBXProject;
			attributes = {
				LastSwiftUpdateCheck = 0940;
				LastUpgradeCheck = 0940;
				ORGANIZATIONNAME = KiwiTech;
				TargetAttributes = {
					D6A3FEC1215A41CC0047FD2F = {
						CreatedOnToolsVersion = 9.4.1;
					};
					D6A3FED5215A41D30047FD2F = {
						CreatedOnToolsVersion = 9.4.1;
						TestTargetID = D6A3FEC1215A41CC0047FD2F;
					};
					D6A3FEE0215A41D30047FD2F = {
						CreatedOnToolsVersion = 9.4.1;
						TestTargetID = D6A3FEC1215A41CC0047FD2F;
					};
				};
			};
			buildConfigurationList = D6A3FEBD215A41CB0047FD2F /* Build configuration list for PBXProject "TestArrm" */;
			compatibilityVersion = "Xcode 9.3";
			developmentRegion = en;
			hasScannedForEncodings = 0;
			knownRegions = (
				en,
				Base,
			);
			mainGroup = D6A3FEB9215A41CB0047FD2F;
			productRefGroup = D6A3FEC3215A41CC0047FD2F /* Products */;
			projectDirPath = "";
			projectRoot = "";
			targets = (
				D6A3FEC1215A41CC0047FD2F /* TestArrm */,
				D6A3FED5215A41D30047FD2F /* TestArrmTests */,
				D6A3FEE0215A41D30047FD2F /* TestArrmUITests */,
			);
		};
/* End PBXProject section */

/* Begin PBXResourcesBuildPhase section */
		D6A3FEC0215A41CC0047FD2F /* Resources */ = {
			isa = PBXResourcesBuildPhase;
			buildActionMask = 2147483647;
			files = (
				D6A3FED0215A41D30047FD2F /* LaunchScreen.storyboard in Resources */,
				D6A3FECD215A41D30047FD2F /* Assets.xcassets in Resources */,
				D6A3FECB215A41CC0047FD2F /* Main.storyboard in Resources */,
			);
			runOnlyForDeploymentPostprocessing = 0;
		};
		D6A3FED4215A41D30047FD2F /* Resources */ = {
			isa = PBXResourcesBuildPhase;
			buildActionMask = 2147483647;
			files = (
			);
			runOnlyForDeploymentPostprocessing = 0;
		};
		D6A3FEDF215A41D30047FD2F /* Resources */ = {
			isa = PBXResourcesBuildPhase;
			buildActionMask = 2147483647;
			files = (
			);
			runOnlyForDeploymentPostprocessing = 0;
		};
/* End PBXResourcesBuildPhase section */

/* Begin PBXSourcesBuildPhase section */
		D6A3FEBE215A41CC0047FD2F /* Sources */ = {
			isa = PBXSourcesBuildPhase;
			buildActionMask = 2147483647;
			files = (
				D6A3FEC8215A41CC0047FD2F /* ViewController.swift in Sources */,
				D6A3FEC6215A41CC0047FD2F /* AppDelegate.swift in Sources */,
			);
			runOnlyForDeploymentPostprocessing = 0;
		};
		D6A3FED2215A41D30047FD2F /* Sources */ = {
			isa = PBXSourcesBuildPhase;
			buildActionMask = 2147483647;
			files = (
				D6A3FEDB215A41D30047FD2F /* TestArrmTests.swift in Sources */,
			);
			runOnlyForDeploymentPostprocessing = 0;
		};
		D6A3FEDD215A41D30047FD2F /* Sources */ = {
			isa = PBXSourcesBuildPhase;
			buildActionMask = 2147483647;
			files = (
				D6A3FEE6215A41D30047FD2F /* TestArrmUITests.swift in Sources */,
			);
			runOnlyForDeploymentPostprocessing = 0;
		};
/* End PBXSourcesBuildPhase section */

/* Begin PBXTargetDependency section */
		D6A3FED8215A41D30047FD2F /* PBXTargetDependency */ = {
			isa = PBXTargetDependency;
			target = D6A3FEC1215A41CC0047FD2F /* TestArrm */;
			targetProxy = D6A3FED7215A41D30047FD2F /* PBXContainerItemProxy */;
		};
		D6A3FEE3215A41D30047FD2F /* PBXTargetDependency */ = {
			isa = PBXTargetDependency;
			target = D6A3FEC1215A41CC0047FD2F /* TestArrm */;
			targetProxy = D6A3FEE2215A41D30047FD2F /* PBXContainerItemProxy */;
		};
/* End PBXTargetDependency section */

/* Begin PBXVariantGroup section */
		D6A3FEC9215A41CC0047FD2F /* Main.storyboard */ = {
			isa = PBXVariantGroup;
			children = (
				D6A3FECA215A41CC0047FD2F /* Base */,
			);
			name = Main.storyboard;
			sourceTree = "<group>";
		};
		D6A3FECE215A41D30047FD2F /* LaunchScreen.storyboard */ = {
			isa = PBXVariantGroup;
			children = (
				D6A3FECF215A41D30047FD2F /* Base */,
			);
			name = LaunchScreen.storyboard;
			sourceTree = "<group>";
		};
/* End PBXVariantGroup section */

/* Begin XCBuildConfiguration section */
		D6A3FEE8215A41D30047FD2F /* Debug */ = {
			isa = XCBuildConfiguration;
			buildSettings = {
				ALWAYS_SEARCH_USER_PATHS = NO;
				CLANG_ANALYZER_NONNULL = YES;
				CLANG_ANALYZER_NUMBER_OBJECT_CONVERSION = YES_AGGRESSIVE;
				CLANG_CXX_LANGUAGE_STANDARD = "gnu++14";
				CLANG_CXX_LIBRARY = "libc++";
				CLANG_ENABLE_MODULES = YES;
				CLANG_ENABLE_OBJC_ARC = YES;
				CLANG_ENABLE_OBJC_WEAK = YES;
				CLANG_WARN_BLOCK_CAPTURE_AUTORELEASING = YES;
				CLANG_WARN_BOOL_CONVERSION = YES;
				CLANG_WARN_COMMA = YES;
				CLANG_WARN_CONSTANT_CONVERSION = YES;
				CLANG_WARN_DEPRECATED_OBJC_IMPLEMENTATIONS = YES;
				CLANG_WARN_DIRECT_OBJC_ISA_USAGE = YES_ERROR;
				CLANG_WARN_DOCUMENTATION_COMMENTS = YES;
				CLANG_WARN_EMPTY_BODY = YES;
				CLANG_WARN_ENUM_CONVERSION = YES;
				CLANG_WARN_INFINITE_RECURSION = YES;
				CLANG_WARN_INT_CONVERSION = YES;
				CLANG_WARN_NON_LITERAL_NULL_CONVERSION = YES;
				CLANG_WARN_OBJC_IMPLICIT_RETAIN_SELF = YES;
				CLANG_WARN_OBJC_LITERAL_CONVERSION = YES;
				CLANG_WARN_OBJC_ROOT_CLASS = YES_ERROR;
				CLANG_WARN_RANGE_LOOP_ANALYSIS = YES;
				CLANG_WARN_STRICT_PROTOTYPES = YES;
				CLANG_WARN_SUSPICIOUS_MOVE = YES;
				CLANG_WARN_UNGUARDED_AVAILABILITY = YES_AGGRESSIVE;
				CLANG_WARN_UNREACHABLE_CODE = YES;
				CLANG_WARN__DUPLICATE_METHOD_MATCH = YES;
				CODE_SIGN_IDENTITY = "iPhone Developer";
				COPY_PHASE_STRIP = NO;
				DEBUG_INFORMATION_FORMAT = dwarf;
				ENABLE_STRICT_OBJC_MSGSEND = YES;
				ENABLE_TESTABILITY = YES;
				GCC_C_LANGUAGE_STANDARD = gnu11;
				GCC_DYNAMIC_NO_PIC = NO;
				GCC_NO_COMMON_BLOCKS = YES;
				GCC_OPTIMIZATION_LEVEL = 0;
				GCC_PREPROCESSOR_DEFINITIONS = (
					"DEBUG=1",
					"$(inherited)",
				);
				GCC_WARN_64_TO_32_BIT_CONVERSION = YES;
				GCC_WARN_ABOUT_RETURN_TYPE = YES_ERROR;
				GCC_WARN_UNDECLARED_SELECTOR = YES;
				GCC_WARN_UNINITIALIZED_AUTOS = YES_AGGRESSIVE;
				GCC_WARN_UNUSED_FUNCTION = YES;
				GCC_WARN_UNUSED_VARIABLE = YES;
				IPHONEOS_DEPLOYMENT_TARGET = 11.4;
				MTL_ENABLE_DEBUG_INFO = YES;
				ONLY_ACTIVE_ARCH = YES;
				SDKROOT = iphoneos;
				SWIFT_ACTIVE_COMPILATION_CONDITIONS = DEBUG;
				SWIFT_OPTIMIZATION_LEVEL = "-Onone";
			};
			name = Debug;
		};
		D6A3FEE9215A41D30047FD2F /* Release */ = {
			isa = XCBuildConfiguration;
			buildSettings = {
				ALWAYS_SEARCH_USER_PATHS = NO;
				CLANG_ANALYZER_NONNULL = YES;
				CLANG_ANALYZER_NUMBER_OBJECT_CONVERSION = YES_AGGRESSIVE;
				CLANG_CXX_LANGUAGE_STANDARD = "gnu++14";
				CLANG_CXX_LIBRARY = "libc++";
				CLANG_ENABLE_MODULES = YES;
				CLANG_ENABLE_OBJC_ARC = YES;
				CLANG_ENABLE_OBJC_WEAK = YES;
				CLANG_WARN_BLOCK_CAPTURE_AUTORELEASING = YES;
				CLANG_WARN_BOOL_CONVERSION = YES;
				CLANG_WARN_COMMA = YES;
				CLANG_WARN_CONSTANT_CONVERSION = YES;
				CLANG_WARN_DEPRECATED_OBJC_IMPLEMENTATIONS = YES;
				CLANG_WARN_DIRECT_OBJC_ISA_USAGE = YES_ERROR;
				CLANG_WARN_DOCUMENTATION_COMMENTS = YES;
				CLANG_WARN_EMPTY_BODY = YES;
				CLANG_WARN_ENUM_CONVERSION = YES;
				CLANG_WARN_INFINITE_RECURSION = YES;
				CLANG_WARN_INT_CONVERSION = YES;
				CLANG_WARN_NON_LITERAL_NULL_CONVERSION = YES;
				CLANG_WARN_OBJC_IMPLICIT_RETAIN_SELF = YES;
				CLANG_WARN_OBJC_LITERAL_CONVERSION = YES;
				CLANG_WARN_OBJC_ROOT_CLASS = YES_ERROR;
				CLANG_WARN_RANGE_LOOP_ANALYSIS = YES;
				CLANG_WARN_STRICT_PROTOTYPES = YES;
				CLANG_WARN_SUSPICIOUS_MOVE = YES;
				CLANG_WARN_UNGUARDED_AVAILABILITY = YES_AGGRESSIVE;
				CLANG_WARN_UNREACHABLE_CODE = YES;
				CLANG_WARN__DUPLICATE_METHOD_MATCH = YES;
				CODE_SIGN_IDENTITY = "iPhone Developer";
				COPY_PHASE_STRIP = NO;
				DEBUG_INFORMATION_FORMAT = "dwarf-with-dsym";
				ENABLE_NS_ASSERTIONS = NO;
				ENABLE_STRICT_OBJC_MSGSEND = YES;
				GCC_C_LANGUAGE_STANDARD = gnu11;
				GCC_NO_COMMON_BLOCKS = YES;
				GCC_WARN_64_TO_32_BIT_CONVERSION = YES;
				GCC_WARN_ABOUT_RETURN_TYPE = YES_ERROR;
				GCC_WARN_UNDECLARED_SELECTOR = YES;
				GCC_WARN_UNINITIALIZED_AUTOS = YES_AGGRESSIVE;
				GCC_WARN_UNUSED_FUNCTION = YES;
				GCC_WARN_UNUSED_VARIABLE = YES;
				IPHONEOS_DEPLOYMENT_TARGET = 11.4;
				MTL_ENABLE_DEBUG_INFO = NO;
				SDKROOT = iphoneos;
				SWIFT_COMPILATION_MODE = wholemodule;
				SWIFT_OPTIMIZATION_LEVEL = "-O";
				VALIDATE_PRODUCT = YES;
			};
			name = Release;
		};
		D6A3FEEB215A41D30047FD2F /* Debug */ = {
			isa = XCBuildConfiguration;
			buildSettings = {
				ASSETCATALOG_COMPILER_APPICON_NAME = AppIcon;
				CODE_SIGN_STYLE = Automatic;
				INFOPLIST_FILE = TestArrm/Info.plist;
				LD_RUNPATH_SEARCH_PATHS = (
					"$(inherited)",
					"@executable_path/Frameworks",
				);
				PRODUCT_BUNDLE_IDENTIFIER = com.armStrong.TestArrm;
				PRODUCT_NAME = "$(TARGET_NAME)";
				SWIFT_VERSION = 4.0;
				TARGETED_DEVICE_FAMILY = "1,2";
			};
			name = Debug;
		};
		D6A3FEEC215A41D30047FD2F /* Release */ = {
			isa = XCBuildConfiguration;
			buildSettings = {
				ASSETCATALOG_COMPILER_APPICON_NAME = AppIcon;
				CODE_SIGN_STYLE = Automatic;
				INFOPLIST_FILE = TestArrm/Info.plist;
				LD_RUNPATH_SEARCH_PATHS = (
					"$(inherited)",
					"@executable_path/Frameworks",
				);
				PRODUCT_BUNDLE_IDENTIFIER = com.armStrong.TestArrm;
				PRODUCT_NAME = "$(TARGET_NAME)";
				SWIFT_VERSION = 4.0;
				TARGETED_DEVICE_FAMILY = "1,2";
			};
			name = Release;
		};
		D6A3FEEE215A41D30047FD2F /* Debug */ = {
			isa = XCBuildConfiguration;
			buildSettings = {
				ALWAYS_EMBED_SWIFT_STANDARD_LIBRARIES = YES;
				BUNDLE_LOADER = "$(TEST_HOST)";
				CODE_SIGN_STYLE = Automatic;
				INFOPLIST_FILE = TestArrmTests/Info.plist;
				LD_RUNPATH_SEARCH_PATHS = (
					"$(inherited)",
					"@executable_path/Frameworks",
					"@loader_path/Frameworks",
				);
				PRODUCT_BUNDLE_IDENTIFIER = com.armStrong.TestArrmTests;
				PRODUCT_NAME = "$(TARGET_NAME)";
				SWIFT_VERSION = 4.0;
				TARGETED_DEVICE_FAMILY = "1,2";
				TEST_HOST = "$(BUILT_PRODUCTS_DIR)/TestArrm.app/TestArrm";
			};
			name = Debug;
		};
		D6A3FEEF215A41D30047FD2F /* Release */ = {
			isa = XCBuildConfiguration;
			buildSettings = {
				ALWAYS_EMBED_SWIFT_STANDARD_LIBRARIES = YES;
				BUNDLE_LOADER = "$(TEST_HOST)";
				CODE_SIGN_STYLE = Automatic;
				INFOPLIST_FILE = TestArrmTests/Info.plist;
				LD_RUNPATH_SEARCH_PATHS = (
					"$(inherited)",
					"@executable_path/Frameworks",
					"@loader_path/Frameworks",
				);
				PRODUCT_BUNDLE_IDENTIFIER = com.armStrong.TestArrmTests;
				PRODUCT_NAME = "$(TARGET_NAME)";
				SWIFT_VERSION = 4.0;
				TARGETED_DEVICE_FAMILY = "1,2";
				TEST_HOST = "$(BUILT_PRODUCTS_DIR)/TestArrm.app/TestArrm";
			};
			name = Release;
		};
		D6A3FEF1215A41D30047FD2F /* Debug */ = {
			isa = XCBuildConfiguration;
			buildSettings = {
				ALWAYS_EMBED_SWIFT_STANDARD_LIBRARIES = YES;
				CODE_SIGN_STYLE = Automatic;
				INFOPLIST_FILE = TestArrmUITests/Info.plist;
				LD_RUNPATH_SEARCH_PATHS = (
					"$(inherited)",
					"@executable_path/Frameworks",
					"@loader_path/Frameworks",
				);
				PRODUCT_BUNDLE_IDENTIFIER = com.armStrong.TestArrmUITests;
				PRODUCT_NAME = "$(TARGET_NAME)";
				SWIFT_VERSION = 4.0;
				TARGETED_DEVICE_FAMILY = "1,2";
				TEST_TARGET_NAME = TestArrm;
			};
			name = Debug;
		};
		D6A3FEF2215A41D30047FD2F /* Release */ = {
			isa = XCBuildConfiguration;
			buildSettings = {
				ALWAYS_EMBED_SWIFT_STANDARD_LIBRARIES = YES;
				CODE_SIGN_STYLE = Automatic;
				INFOPLIST_FILE = TestArrmUITests/Info.plist;
				LD_RUNPATH_SEARCH_PATHS = (
					"$(inherited)",
					"@executable_path/Frameworks",
					"@loader_path/Frameworks",
				);
				PRODUCT_BUNDLE_IDENTIFIER = com.armStrong.TestArrmUITests;
				PRODUCT_NAME = "$(TARGET_NAME)";
				SWIFT_VERSION = 4.0;
				TARGETED_DEVICE_FAMILY = "1,2";
				TEST_TARGET_NAME = TestArrm;
			};
			name = Release;
		};
/* End XCBuildConfiguration section */

/* Begin XCConfigurationList section */
		D6A3FEBD215A41CB0047FD2F /* Build configuration list for PBXProject "TestArrm" */ = {
			isa = XCConfigurationList;
			buildConfigurations = (
				D6A3FEE8215A41D30047FD2F /* Debug */,
				D6A3FEE9215A41D30047FD2F /* Release */,
			);
			defaultConfigurationIsVisible = 0;
			defaultConfigurationName = Release;
		};
		D6A3FEEA215A41D30047FD2F /* Build configuration list for PBXNativeTarget "TestArrm" */ = {
			isa = XCConfigurationList;
			buildConfigurations = (
				D6A3FEEB215A41D30047FD2F /* Debug */,
				D6A3FEEC215A41D30047FD2F /* Release */,
			);
			defaultConfigurationIsVisible = 0;
			defaultConfigurationName = Release;
		};
		D6A3FEED215A41D30047FD2F /* Build configuration list for PBXNativeTarget "TestArrmTests" */ = {
			isa = XCConfigurationList;
			buildConfigurations = (
				D6A3FEEE215A41D30047FD2F /* Debug */,
				D6A3FEEF215A41D30047FD2F /* Release */,
			);
			defaultConfigurationIsVisible = 0;
			defaultConfigurationName = Release;
		};
		D6A3FEF0215A41D30047FD2F /* Build configuration list for PBXNativeTarget "TestArrmUITests" */ = {
			isa = XCConfigurationList;
			buildConfigurations = (
				D6A3FEF1215A41D30047FD2F /* Debug */,
				D6A3FEF2215A41D30047FD2F /* Release */,
			);
			defaultConfigurationIsVisible = 0;
			defaultConfigurationName = Release;
		};
/* End XCConfigurationList section */
	};
	rootObject = D6A3FEBA215A41CB0047FD2F /* Project object */;
}
